
Microsoft Visual Studio Solution File, Format Version 12.00
# Visual Studio 15
VisualStudioVersion = 15.0.25807.0
MinimumVisualStudioVersion = 10.0.40219.1
Project("{2150E333-8FDC-42A3-9474-1A3956D46DE8}") = "Engine", "Engine", "{D348D087-CBF4-46CA-A37F-565713FF0148}"
EndProject
Project("{2150E333-8FDC-42A3-9474-1A3956D46DE8}") = "Games", "Games", "{8C8C6039-1032-4176-9E78-23F3DA9AE396}"
EndProject
Project("{8BC9CEB8-8B4A-11D0-8D11-00A0C91BC942}") = "UE4", "Intermediate\ProjectFiles\UE4.vcxproj", "{624A117A-23E6-4FA9-8489-B0A739449574}"
EndProject
Project("{8BC9CEB8-8B4A-11D0-8D11-00A0C91BC942}") = "NEWWeirdThings", "Intermediate\ProjectFiles\NEWWeirdThings.vcxproj", "{256D9561-3283-4B80-88E6-64034B64CC5A}"
EndProject
Global
	GlobalSection(SolutionConfigurationPlatforms) = preSolution
		DebugGame Editor|HTML5 = DebugGame Editor|HTML5
		DebugGame Editor|Win32 = DebugGame Editor|Win32
		DebugGame Editor|Win64 = DebugGame Editor|Win64
		DebugGame|HTML5 = DebugGame|HTML5
		DebugGame|Win32 = DebugGame|Win32
		DebugGame|Win64 = DebugGame|Win64
		Development Editor|HTML5 = Development Editor|HTML5
		Development Editor|Win32 = Development Editor|Win32
		Development Editor|Win64 = Development Editor|Win64
		Development|HTML5 = Development|HTML5
		Development|Win32 = Development|Win32
		Development|Win64 = Development|Win64
		Shipping|HTML5 = Shipping|HTML5
		Shipping|Win32 = Shipping|Win32
		Shipping|Win64 = Shipping|Win64
	EndGlobalSection
	GlobalSection(ProjectConfigurationPlatforms) = postSolution
		{624A117A-23E6-4FA9-8489-B0A739449574}.DebugGame Editor|HTML5.ActiveCfg = BuiltWithUnrealBuildTool|Win32
		{624A117A-23E6-4FA9-8489-B0A739449574}.DebugGame Editor|HTML5.Build.0 = BuiltWithUnrealBuildTool|Win32
		{624A117A-23E6-4FA9-8489-B0A739449574}.DebugGame Editor|Win32.ActiveCfg = BuiltWithUnrealBuildTool|Win32
		{624A117A-23E6-4FA9-8489-B0A739449574}.DebugGame Editor|Win32.Build.0 = BuiltWithUnrealBuildTool|Win32
		{624A117A-23E6-4FA9-8489-B0A739449574}.DebugGame Editor|Win64.ActiveCfg = BuiltWithUnrealBuildTool|Win32
		{624A117A-23E6-4FA9-8489-B0A739449574}.DebugGame Editor|Win64.Build.0 = BuiltWithUnrealBuildTool|Win32
		{624A117A-23E6-4FA9-8489-B0A739449574}.DebugGame|HTML5.ActiveCfg = BuiltWithUnrealBuildTool|Win32
		{624A117A-23E6-4FA9-8489-B0A739449574}.DebugGame|HTML5.Build.0 = BuiltWithUnrealBuildTool|Win32
		{624A117A-23E6-4FA9-8489-B0A739449574}.DebugGame|Win32.ActiveCfg = BuiltWithUnrealBuildTool|Win32
		{624A117A-23E6-4FA9-8489-B0A739449574}.DebugGame|Win32.Build.0 = BuiltWithUnrealBuildTool|Win32
		{624A117A-23E6-4FA9-8489-B0A739449574}.DebugGame|Win64.ActiveCfg = BuiltWithUnrealBuildTool|Win32
		{624A117A-23E6-4FA9-8489-B0A739449574}.DebugGame|Win64.Build.0 = BuiltWithUnrealBuildTool|Win32
		{624A117A-23E6-4FA9-8489-B0A739449574}.Development Editor|HTML5.ActiveCfg = BuiltWithUnrealBuildTool|Win32
		{624A117A-23E6-4FA9-8489-B0A739449574}.Development Editor|HTML5.Build.0 = BuiltWithUnrealBuildTool|Win32
		{624A117A-23E6-4FA9-8489-B0A739449574}.Development Editor|Win32.ActiveCfg = BuiltWithUnrealBuildTool|Win32
		{624A117A-23E6-4FA9-8489-B0A739449574}.Development Editor|Win32.Build.0 = BuiltWithUnrealBuildTool|Win32
		{624A117A-23E6-4FA9-8489-B0A739449574}.Development Editor|Win64.ActiveCfg = BuiltWithUnrealBuildTool|Win32
		{624A117A-23E6-4FA9-8489-B0A739449574}.Development Editor|Win64.Build.0 = BuiltWithUnrealBuildTool|Win32
		{624A117A-23E6-4FA9-8489-B0A739449574}.Development|HTML5.ActiveCfg = BuiltWithUnrealBuildTool|Win32
		{624A117A-23E6-4FA9-8489-B0A739449574}.Development|HTML5.Build.0 = BuiltWithUnrealBuildTool|Win32
		{624A117A-23E6-4FA9-8489-B0A739449574}.Development|Win32.ActiveCfg = BuiltWithUnrealBuildTool|Win32
		{624A117A-23E6-4FA9-8489-B0A739449574}.Development|Win32.Build.0 = BuiltWithUnrealBuildTool|Win32
		{624A117A-23E6-4FA9-8489-B0A739449574}.Development|Win64.ActiveCfg = BuiltWithUnrealBuildTool|Win32
		{624A117A-23E6-4FA9-8489-B0A739449574}.Development|Win64.Build.0 = BuiltWithUnrealBuildTool|Win32
		{624A117A-23E6-4FA9-8489-B0A739449574}.Shipping|HTML5.ActiveCfg = BuiltWithUnrealBuildTool|Win32
		{624A117A-23E6-4FA9-8489-B0A739449574}.Shipping|HTML5.Build.0 = BuiltWithUnrealBuildTool|Win32
		{624A117A-23E6-4FA9-8489-B0A739449574}.Shipping|Win32.ActiveCfg = BuiltWithUnrealBuildTool|Win32
		{624A117A-23E6-4FA9-8489-B0A739449574}.Shipping|Win32.Build.0 = BuiltWithUnrealBuildTool|Win32
		{624A117A-23E6-4FA9-8489-B0A739449574}.Shipping|Win64.ActiveCfg = BuiltWithUnrealBuildTool|Win32
		{624A117A-23E6-4FA9-8489-B0A739449574}.Shipping|Win64.Build.0 = BuiltWithUnrealBuildTool|Win32
		{256D9561-3283-4B80-88E6-64034B64CC5A}.DebugGame Editor|HTML5.ActiveCfg = HTML5_DebugGame_Editor|Win32
		{256D9561-3283-4B80-88E6-64034B64CC5A}.DebugGame Editor|Win32.ActiveCfg = DebugGame_Editor|Win32
		{256D9561-3283-4B80-88E6-64034B64CC5A}.DebugGame Editor|Win64.ActiveCfg = DebugGame_Editor|x64
		{256D9561-3283-4B80-88E6-64034B64CC5A}.DebugGame Editor|Win64.Build.0 = DebugGame_Editor|x64
		{256D9561-3283-4B80-88E6-64034B64CC5A}.DebugGame|HTML5.ActiveCfg = HTML5_DebugGame_Game|Win32
		{256D9561-3283-4B80-88E6-64034B64CC5A}.DebugGame|HTML5.Build.0 = HTML5_DebugGame_Game|Win32
		{256D9561-3283-4B80-88E6-64034B64CC5A}.DebugGame|Win32.ActiveCfg = DebugGame_Game|Win32
		{256D9561-3283-4B80-88E6-64034B64CC5A}.DebugGame|Win32.Build.0 = DebugGame_Game|Win32
		{256D9561-3283-4B80-88E6-64034B64CC5A}.DebugGame|Win64.ActiveCfg = DebugGame_Game|x64
		{256D9561-3283-4B80-88E6-64034B64CC5A}.DebugGame|Win64.Build.0 = DebugGame_Game|x64
		{256D9561-3283-4B80-88E6-64034B64CC5A}.Development Editor|HTML5.ActiveCfg = HTML5_Development_Editor|Win32
		{256D9561-3283-4B80-88E6-64034B64CC5A}.Development Editor|Win32.ActiveCfg = Development_Editor|Win32
		{256D9561-3283-4B80-88E6-64034B64CC5A}.Development Editor|Win64.ActiveCfg = Development_Editor|x64
		{256D9561-3283-4B80-88E6-64034B64CC5A}.Development Editor|Win64.Build.0 = Development_Editor|x64
		{256D9561-3283-4B80-88E6-64034B64CC5A}.Development|HTML5.ActiveCfg = HTML5_Development_Game|Win32
		{256D9561-3283-4B80-88E6-64034B64CC5A}.Development|HTML5.Build.0 = HTML5_Development_Game|Win32
		{256D9561-3283-4B80-88E6-64034B64CC5A}.Development|Win32.ActiveCfg = Development_Game|Win32
		{256D9561-3283-4B80-88E6-64034B64CC5A}.Development|Win32.Build.0 = Development_Game|Win32
		{256D9561-3283-4B80-88E6-64034B64CC5A}.Development|Win64.ActiveCfg = Development_Game|x64
		{256D9561-3283-4B80-88E6-64034B64CC5A}.Development|Win64.Build.0 = Development_Game|x64
		{256D9561-3283-4B80-88E6-64034B64CC5A}.Shipping|HTML5.ActiveCfg = HTML5_Shipping_Game|Win32
		{256D9561-3283-4B80-88E6-64034B64CC5A}.Shipping|HTML5.Build.0 = HTML5_Shipping_Game|Win32
		{256D9561-3283-4B80-88E6-64034B64CC5A}.Shipping|Win32.ActiveCfg = Shipping_Game|Win32
		{256D9561-3283-4B80-88E6-64034B64CC5A}.Shipping|Win32.Build.0 = Shipping_Game|Win32
		{256D9561-3283-4B80-88E6-64034B64CC5A}.Shipping|Win64.ActiveCfg = Shipping_Game|x64
		{256D9561-3283-4B80-88E6-64034B64CC5A}.Shipping|Win64.Build.0 = Shipping_Game|x64
	EndGlobalSection
	GlobalSection(SolutionProperties) = preSolution
		HideSolutionNode = FALSE
	EndGlobalSection
	GlobalSection(NestedProjects) = preSolution
		{624A117A-23E6-4FA9-8489-B0A739449574} = {D348D087-CBF4-46CA-A37F-565713FF0148}
		{256D9561-3283-4B80-88E6-64034B64CC5A} = {8C8C6039-1032-4176-9E78-23F3DA9AE396}
	EndGlobalSection
	GlobalSection(ExtensibilityGlobals) = postSolution
		SolutionGuid = {A973BB88-1C78-4ECD-AFB7-FC57200A2FA6}
	EndGlobalSection
EndGlobal
